
Microsoft Visual Studio Solution File, Format Version 12.00
# Visual Studio Version 16
VisualStudioVersion = 16.0.29009.5
MinimumVisualStudioVersion = 10.0.40219.1
Project("{FAE04EC0-301F-11D3-BF4B-00C04F79EFBC}") = "exercise1", "exercise1\exercise1.csproj", "{C8F9091E-913E-475A-A6DB-ECB8A1D36FD5}"
EndProject
Project("{FAE04EC0-301F-11D3-BF4B-00C04F79EFBC}") = "exercise2", "exercise2\exercise2.csproj", "{DF577E37-8920-4A16-994F-FC066D13D8B8}"
EndProject
Global
	GlobalSection(SolutionConfigurationPlatforms) = preSolution
		Debug|Any CPU = Debug|Any CPU
		Release|Any CPU = Release|Any CPU
	EndGlobalSection
	GlobalSection(ProjectConfigurationPlatforms) = postSolution
		{C8F9091E-913E-475A-A6DB-ECB8A1D36FD5}.Debug|Any CPU.ActiveCfg = Debug|Any CPU
		{C8F9091E-913E-475A-A6DB-ECB8A1D36FD5}.Debug|Any CPU.Build.0 = Debug|Any CPU
		{C8F9091E-913E-475A-A6DB-ECB8A1D36FD5}.Release|Any CPU.ActiveCfg = Release|Any CPU
		{C8F9091E-913E-475A-A6DB-ECB8A1D36FD5}.Release|Any CPU.Build.0 = Release|Any CPU
		{DF577E37-8920-4A16-994F-FC066D13D8B8}.Debug|Any CPU.ActiveCfg = Debug|Any CPU
		{DF577E37-8920-4A16-994F-FC066D13D8B8}.Debug|Any CPU.Build.0 = Debug|Any CPU
		{DF577E37-8920-4A16-994F-FC066D13D8B8}.Release|Any CPU.ActiveCfg = Release|Any CPU
		{DF577E37-8920-4A16-994F-FC066D13D8B8}.Release|Any CPU.Build.0 = Release|Any CPU
	EndGlobalSection
	GlobalSection(SolutionProperties) = preSolution
		HideSolutionNode = FALSE
	EndGlobalSection
	GlobalSection(ExtensibilityGlobals) = postSolution
		SolutionGuid = {09D4C32A-C68C-44F5-B35B-AE8A42D620B8}
	EndGlobalSection
EndGlobal
